
Microsoft Visual Studio Solution File, Format Version 12.00
# Visual Studio Version 17
VisualStudioVersion = 17.4.33213.308
MinimumVisualStudioVersion = 10.0.40219.1
Project("{9A19103F-16F7-4668-BE54-9A1E7A4F7556}") = "FarkleDice", "FarkleDice\FarkleDice.csproj", "{46E6A791-92A2-4938-BBB5-68CEE2094B09}"
EndProject
Project("{FAE04EC0-301F-11D3-BF4B-00C04F79EFBC}") = "FarkleServiceHost", "FarkleServiceHost\FarkleServiceHost.csproj", "{4E772127-BA13-4B58-BDEB-F9454010D59C}"
EndProject
Project("{FAE04EC0-301F-11D3-BF4B-00C04F79EFBC}") = "FarkleLibrary", "FarkleLibrary\FarkleLibrary.csproj", "{1912E431-3ACE-493E-B710-385AA404110F}"
EndProject
Global
	GlobalSection(SolutionConfigurationPlatforms) = preSolution
		Debug|Any CPU = Debug|Any CPU
		Release|Any CPU = Release|Any CPU
	EndGlobalSection
	GlobalSection(ProjectConfigurationPlatforms) = postSolution
		{46E6A791-92A2-4938-BBB5-68CEE2094B09}.Debug|Any CPU.ActiveCfg = Debug|Any CPU
		{46E6A791-92A2-4938-BBB5-68CEE2094B09}.Debug|Any CPU.Build.0 = Debug|Any CPU
		{46E6A791-92A2-4938-BBB5-68CEE2094B09}.Release|Any CPU.ActiveCfg = Release|Any CPU
		{46E6A791-92A2-4938-BBB5-68CEE2094B09}.Release|Any CPU.Build.0 = Release|Any CPU
		{4E772127-BA13-4B58-BDEB-F9454010D59C}.Debug|Any CPU.ActiveCfg = Debug|Any CPU
		{4E772127-BA13-4B58-BDEB-F9454010D59C}.Debug|Any CPU.Build.0 = Debug|Any CPU
		{4E772127-BA13-4B58-BDEB-F9454010D59C}.Release|Any CPU.ActiveCfg = Release|Any CPU
		{4E772127-BA13-4B58-BDEB-F9454010D59C}.Release|Any CPU.Build.0 = Release|Any CPU
		{1912E431-3ACE-493E-B710-385AA404110F}.Debug|Any CPU.ActiveCfg = Debug|Any CPU
		{1912E431-3ACE-493E-B710-385AA404110F}.Debug|Any CPU.Build.0 = Debug|Any CPU
		{1912E431-3ACE-493E-B710-385AA404110F}.Release|Any CPU.ActiveCfg = Release|Any CPU
		{1912E431-3ACE-493E-B710-385AA404110F}.Release|Any CPU.Build.0 = Release|Any CPU
	EndGlobalSection
	GlobalSection(SolutionProperties) = preSolution
		HideSolutionNode = FALSE
	EndGlobalSection
	GlobalSection(ExtensibilityGlobals) = postSolution
		SolutionGuid = {3EA01089-FEA1-47DA-A351-EF61549364E8}
	EndGlobalSection
EndGlobal
